
Microsoft Visual Studio Solution File, Format Version 12.00
# Visual Studio 15
VisualStudioVersion = 15.0.28307.572
MinimumVisualStudioVersion = 10.0.40219.1
Project("{FAE04EC0-301F-11D3-BF4B-00C04F79EFBC}") = "Lekcja6.1", "Lekcja6.1\Lekcja6.1.csproj", "{AAB6B229-0E53-4D28-AF93-424A0DD28FFD}"
EndProject
Global
	GlobalSection(SolutionConfigurationPlatforms) = preSolution
		Debug|Any CPU = Debug|Any CPU
		Release|Any CPU = Release|Any CPU
	EndGlobalSection
	GlobalSection(ProjectConfigurationPlatforms) = postSolution
		{AAB6B229-0E53-4D28-AF93-424A0DD28FFD}.Debug|Any CPU.ActiveCfg = Debug|Any CPU
		{AAB6B229-0E53-4D28-AF93-424A0DD28FFD}.Debug|Any CPU.Build.0 = Debug|Any CPU
		{AAB6B229-0E53-4D28-AF93-424A0DD28FFD}.Release|Any CPU.ActiveCfg = Release|Any CPU
		{AAB6B229-0E53-4D28-AF93-424A0DD28FFD}.Release|Any CPU.Build.0 = Release|Any CPU
	EndGlobalSection
	GlobalSection(SolutionProperties) = preSolution
		HideSolutionNode = FALSE
	EndGlobalSection
	GlobalSection(ExtensibilityGlobals) = postSolution
		SolutionGuid = {3204147E-7993-4084-9B7F-E8173DA19069}
	EndGlobalSection
EndGlobal
